
Microsoft Visual Studio Solution File, Format Version 12.00
# Visual Studio 2012
Project("{FAE04EC0-301F-11D3-BF4B-00C04F79EFBC}") = "RPS", "RPS\RPS.csproj", "{EA4055A7-16A5-43D8-B7EB-89A1BAADCE2A}"
EndProject
Project("{FAE04EC0-301F-11D3-BF4B-00C04F79EFBC}") = "RPS.Tests", "RPS.Tests\RPS.Tests.csproj", "{4C3BEB78-2D90-4C54-8699-5A755E5B4690}"
EndProject
Global
	GlobalSection(SolutionConfigurationPlatforms) = preSolution
		Debug|Any CPU = Debug|Any CPU
		Release|Any CPU = Release|Any CPU
	EndGlobalSection
	GlobalSection(ProjectConfigurationPlatforms) = postSolution
		{EA4055A7-16A5-43D8-B7EB-89A1BAADCE2A}.Debug|Any CPU.ActiveCfg = Debug|Any CPU
		{EA4055A7-16A5-43D8-B7EB-89A1BAADCE2A}.Debug|Any CPU.Build.0 = Debug|Any CPU
		{EA4055A7-16A5-43D8-B7EB-89A1BAADCE2A}.Release|Any CPU.ActiveCfg = Release|Any CPU
		{EA4055A7-16A5-43D8-B7EB-89A1BAADCE2A}.Release|Any CPU.Build.0 = Release|Any CPU
		{4C3BEB78-2D90-4C54-8699-5A755E5B4690}.Debug|Any CPU.ActiveCfg = Debug|Any CPU
		{4C3BEB78-2D90-4C54-8699-5A755E5B4690}.Debug|Any CPU.Build.0 = Debug|Any CPU
		{4C3BEB78-2D90-4C54-8699-5A755E5B4690}.Release|Any CPU.ActiveCfg = Release|Any CPU
		{4C3BEB78-2D90-4C54-8699-5A755E5B4690}.Release|Any CPU.Build.0 = Release|Any CPU
	EndGlobalSection
EndGlobal
